
Microsoft Visual Studio Solution File, Format Version 12.00
# Visual Studio Version 16
VisualStudioVersion = 16.0.30907.101
MinimumVisualStudioVersion = 10.0.40219.1
Project("{FAE04EC0-301F-11D3-BF4B-00C04F79EFBC}") = "Beginner Project 7", "Beginner Project 7.csproj", "{5D1FCF46-0A35-4302-9B02-70763556FB83}"
EndProject
Global
	GlobalSection(SolutionConfigurationPlatforms) = preSolution
		Debug|Any CPU = Debug|Any CPU
		Release|Any CPU = Release|Any CPU
	EndGlobalSection
	GlobalSection(ProjectConfigurationPlatforms) = postSolution
		{5D1FCF46-0A35-4302-9B02-70763556FB83}.Debug|Any CPU.ActiveCfg = Debug|Any CPU
		{5D1FCF46-0A35-4302-9B02-70763556FB83}.Debug|Any CPU.Build.0 = Debug|Any CPU
		{5D1FCF46-0A35-4302-9B02-70763556FB83}.Release|Any CPU.ActiveCfg = Release|Any CPU
		{5D1FCF46-0A35-4302-9B02-70763556FB83}.Release|Any CPU.Build.0 = Release|Any CPU
	EndGlobalSection
	GlobalSection(SolutionProperties) = preSolution
		HideSolutionNode = FALSE
	EndGlobalSection
	GlobalSection(ExtensibilityGlobals) = postSolution
		SolutionGuid = {3F2F0F4A-CB32-4F6A-9BF0-956FABB5ED65}
	EndGlobalSection
EndGlobal
