
Microsoft Visual Studio Solution File, Format Version 12.00
# Visual Studio Version 16
VisualStudioVersion = 16.0.30804.86
MinimumVisualStudioVersion = 10.0.40219.1
Project("{FAE04EC0-301F-11D3-BF4B-00C04F79EFBC}") = "Beginner Project 6", "Beginner Project 6.csproj", "{1933B2F9-6A9D-47ED-94B8-E94571F58994}"
EndProject
Global
	GlobalSection(SolutionConfigurationPlatforms) = preSolution
		Debug|Any CPU = Debug|Any CPU
		Release|Any CPU = Release|Any CPU
	EndGlobalSection
	GlobalSection(ProjectConfigurationPlatforms) = postSolution
		{1933B2F9-6A9D-47ED-94B8-E94571F58994}.Debug|Any CPU.ActiveCfg = Debug|Any CPU
		{1933B2F9-6A9D-47ED-94B8-E94571F58994}.Debug|Any CPU.Build.0 = Debug|Any CPU
		{1933B2F9-6A9D-47ED-94B8-E94571F58994}.Release|Any CPU.ActiveCfg = Release|Any CPU
		{1933B2F9-6A9D-47ED-94B8-E94571F58994}.Release|Any CPU.Build.0 = Release|Any CPU
	EndGlobalSection
	GlobalSection(SolutionProperties) = preSolution
		HideSolutionNode = FALSE
	EndGlobalSection
	GlobalSection(ExtensibilityGlobals) = postSolution
		SolutionGuid = {178D7E2E-AEAC-43EB-90E5-E3CAF3F0970A}
	EndGlobalSection
EndGlobal
